
Microsoft Visual Studio Solution File, Format Version 12.00
# Visual Studio Version 17
VisualStudioVersion = 17.5.33424.131
MinimumVisualStudioVersion = 10.0.40219.1
Project("{FAE04EC0-301F-11D3-BF4B-00C04F79EFBC}") = "BlogDataLibrary", "BlogDataLibrary\BlogDataLibrary.csproj", "{F8EA5C38-B0F7-4E0D-8D83-4244D72E8C4E}"
EndProject
Project("{00D1A9C2-B5F0-4AF3-8072-F6C62B433612}") = "AlfonsoBlogDB", "AlfonsoBlogDB\AlfonsoBlogDB.sqlproj", "{C35531B9-CCBF-4676-B097-B24A6D5B5D22}"
EndProject
Project("{FAE04EC0-301F-11D3-BF4B-00C04F79EFBC}") = "BlogTestUI", "BlogTestUI\BlogTestUI.csproj", "{A466A4A5-B3EF-4CEB-8427-402D22E6C1C5}"
EndProject
Global
	GlobalSection(SolutionConfigurationPlatforms) = preSolution
		Debug|Any CPU = Debug|Any CPU
		Release|Any CPU = Release|Any CPU
	EndGlobalSection
	GlobalSection(ProjectConfigurationPlatforms) = postSolution
		{F8EA5C38-B0F7-4E0D-8D83-4244D72E8C4E}.Debug|Any CPU.ActiveCfg = Debug|Any CPU
		{F8EA5C38-B0F7-4E0D-8D83-4244D72E8C4E}.Debug|Any CPU.Build.0 = Debug|Any CPU
		{F8EA5C38-B0F7-4E0D-8D83-4244D72E8C4E}.Release|Any CPU.ActiveCfg = Release|Any CPU
		{F8EA5C38-B0F7-4E0D-8D83-4244D72E8C4E}.Release|Any CPU.Build.0 = Release|Any CPU
		{C35531B9-CCBF-4676-B097-B24A6D5B5D22}.Debug|Any CPU.ActiveCfg = Debug|Any CPU
		{C35531B9-CCBF-4676-B097-B24A6D5B5D22}.Debug|Any CPU.Build.0 = Debug|Any CPU
		{C35531B9-CCBF-4676-B097-B24A6D5B5D22}.Debug|Any CPU.Deploy.0 = Debug|Any CPU
		{C35531B9-CCBF-4676-B097-B24A6D5B5D22}.Release|Any CPU.ActiveCfg = Release|Any CPU
		{C35531B9-CCBF-4676-B097-B24A6D5B5D22}.Release|Any CPU.Build.0 = Release|Any CPU
		{C35531B9-CCBF-4676-B097-B24A6D5B5D22}.Release|Any CPU.Deploy.0 = Release|Any CPU
		{A466A4A5-B3EF-4CEB-8427-402D22E6C1C5}.Debug|Any CPU.ActiveCfg = Debug|Any CPU
		{A466A4A5-B3EF-4CEB-8427-402D22E6C1C5}.Debug|Any CPU.Build.0 = Debug|Any CPU
		{A466A4A5-B3EF-4CEB-8427-402D22E6C1C5}.Release|Any CPU.ActiveCfg = Release|Any CPU
		{A466A4A5-B3EF-4CEB-8427-402D22E6C1C5}.Release|Any CPU.Build.0 = Release|Any CPU
	EndGlobalSection
	GlobalSection(SolutionProperties) = preSolution
		HideSolutionNode = FALSE
	EndGlobalSection
	GlobalSection(ExtensibilityGlobals) = postSolution
		SolutionGuid = {93D82EFF-CCD7-4853-9712-A357551A1CE2}
	EndGlobalSection
EndGlobal
